
Microsoft Visual Studio Solution File, Format Version 12.00
# Visual Studio 15
VisualStudioVersion = 15.0.27004.2008
MinimumVisualStudioVersion = 10.0.40219.1
Project("{FAE04EC0-301F-11D3-BF4B-00C04F79EFBC}") = "CharlesDickensÄventyr", "CharlesDickensÄventyr\CharlesDickensÄventyr.csproj", "{A7921A14-2962-4DF1-98A3-5DE0ECA3D301}"
EndProject
Global
	GlobalSection(SolutionConfigurationPlatforms) = preSolution
		Debug|Any CPU = Debug|Any CPU
		Release|Any CPU = Release|Any CPU
	EndGlobalSection
	GlobalSection(ProjectConfigurationPlatforms) = postSolution
		{A7921A14-2962-4DF1-98A3-5DE0ECA3D301}.Debug|Any CPU.ActiveCfg = Debug|Any CPU
		{A7921A14-2962-4DF1-98A3-5DE0ECA3D301}.Debug|Any CPU.Build.0 = Debug|Any CPU
		{A7921A14-2962-4DF1-98A3-5DE0ECA3D301}.Release|Any CPU.ActiveCfg = Release|Any CPU
		{A7921A14-2962-4DF1-98A3-5DE0ECA3D301}.Release|Any CPU.Build.0 = Release|Any CPU
	EndGlobalSection
	GlobalSection(SolutionProperties) = preSolution
		HideSolutionNode = FALSE
	EndGlobalSection
	GlobalSection(ExtensibilityGlobals) = postSolution
		SolutionGuid = {ED85DAFA-59B4-4466-9756-4BFF7A634F92}
	EndGlobalSection
EndGlobal
